
Microsoft Visual Studio Solution File, Format Version 12.00
# Visual Studio Version 17
VisualStudioVersion = 17.14.36915.13
MinimumVisualStudioVersion = 10.0.40219.1
Project("{FAE04EC0-301F-11D3-BF4B-00C04F79EFBC}") = "SistemaGestionGimnasio", "SistemaGestionGimnasio.csproj", "{CA775C38-AB9A-469E-9C63-163E19F16412}"
EndProject
Project("{FAE04EC0-301F-11D3-BF4B-00C04F79EFBC}") = "SistemaGestionGimnasio.Test", "..\SistemaGestionGimnasio.Test\SistemaGestionGimnasio.Test.csproj", "{F459C7E1-4D2E-420A-99C9-B52427AED270}"
EndProject
Global
	GlobalSection(SolutionConfigurationPlatforms) = preSolution
		Debug|Any CPU = Debug|Any CPU
		Release|Any CPU = Release|Any CPU
	EndGlobalSection
	GlobalSection(ProjectConfigurationPlatforms) = postSolution
		{CA775C38-AB9A-469E-9C63-163E19F16412}.Debug|Any CPU.ActiveCfg = Debug|Any CPU
		{CA775C38-AB9A-469E-9C63-163E19F16412}.Debug|Any CPU.Build.0 = Debug|Any CPU
		{CA775C38-AB9A-469E-9C63-163E19F16412}.Release|Any CPU.ActiveCfg = Release|Any CPU
		{CA775C38-AB9A-469E-9C63-163E19F16412}.Release|Any CPU.Build.0 = Release|Any CPU
		{F459C7E1-4D2E-420A-99C9-B52427AED270}.Debug|Any CPU.ActiveCfg = Debug|Any CPU
		{F459C7E1-4D2E-420A-99C9-B52427AED270}.Debug|Any CPU.Build.0 = Debug|Any CPU
		{F459C7E1-4D2E-420A-99C9-B52427AED270}.Release|Any CPU.ActiveCfg = Release|Any CPU
		{F459C7E1-4D2E-420A-99C9-B52427AED270}.Release|Any CPU.Build.0 = Release|Any CPU
	EndGlobalSection
	GlobalSection(SolutionProperties) = preSolution
		HideSolutionNode = FALSE
	EndGlobalSection
	GlobalSection(ExtensibilityGlobals) = postSolution
		SolutionGuid = {7D5FDA2B-D910-4CC1-8676-F0106AB65DF4}
	EndGlobalSection
EndGlobal
